
Microsoft Visual Studio Solution File, Format Version 12.00
# Visual Studio 15
VisualStudioVersion = 15.0.28307.902
MinimumVisualStudioVersion = 10.0.40219.1
Project("{FAE04EC0-301F-11D3-BF4B-00C04F79EFBC}") = "TestWebApi", "TestWebApi\TestWebApi.csproj", "{3019DED3-6575-40FE-8A99-65F9E10C9EA2}"
EndProject
Project("{2150E333-8FDC-42A3-9474-1A3956D46DE8}") = "Models", "Models", "{7C3291E5-1F17-4392-AD17-124C3CDBA4D0}"
EndProject
Project("{2150E333-8FDC-42A3-9474-1A3956D46DE8}") = "DataOperation", "DataOperation", "{993E902C-7CED-40EA-8F84-72568B7C1D0A}"
EndProject
Project("{2150E333-8FDC-42A3-9474-1A3956D46DE8}") = "BusinessLogicManage", "BusinessLogicManage", "{E1C0F353-82DE-43B8-8D4F-84D574C9513D}"
EndProject
Project("{FAE04EC0-301F-11D3-BF4B-00C04F79EFBC}") = "EntitysTS", "Models\EntitysTS\EntitysTS.csproj", "{BD479C01-3855-499F-BAB6-25E5A779AADF}"
EndProject
Project("{FAE04EC0-301F-11D3-BF4B-00C04F79EFBC}") = "ModelsTS", "Models\ModelsTS\ModelsTS.csproj", "{AFBA9394-830B-4B66-BEAF-D11E8B3AAEDD}"
EndProject
Project("{FAE04EC0-301F-11D3-BF4B-00C04F79EFBC}") = "DataFactoryTS", "DataOperation\DataFactoryTS\DataFactoryTS.csproj", "{12DDC3D3-F784-4023-B0D9-E5E5303D5AF1}"
EndProject
Project("{FAE04EC0-301F-11D3-BF4B-00C04F79EFBC}") = "IManageTS", "DataOperation\IManageTS\IManageTS.csproj", "{9D0FB04C-1160-4B6D-92D4-5EDC4E781239}"
EndProject
Project("{FAE04EC0-301F-11D3-BF4B-00C04F79EFBC}") = "ManagerTS", "DataOperation\ManagerTS\ManagerTS.csproj", "{1E96B6A7-FCEC-43B9-A9DB-E9949715E08A}"
EndProject
Project("{FAE04EC0-301F-11D3-BF4B-00C04F79EFBC}") = "BLFactoryTS", "BusinessLogicManage\BLFactoryTS\BLFactoryTS.csproj", "{362DC73C-3264-4D36-BB3D-025797A1DEB5}"
EndProject
Project("{FAE04EC0-301F-11D3-BF4B-00C04F79EFBC}") = "BusinessLogicTS", "BusinessLogicManage\BusinessLogicTS\BusinessLogicTS.csproj", "{E21CD35C-AFA5-41E2-BAC3-65D56AE88B32}"
EndProject
Project("{FAE04EC0-301F-11D3-BF4B-00C04F79EFBC}") = "IShareLogicTS", "BusinessLogicManage\IShareLogicTS\IShareLogicTS.csproj", "{E3F674BB-8278-4F2A-8CBE-78F7793E1711}"
EndProject
Global
	GlobalSection(SolutionConfigurationPlatforms) = preSolution
		Debug|Any CPU = Debug|Any CPU
		Release|Any CPU = Release|Any CPU
	EndGlobalSection
	GlobalSection(ProjectConfigurationPlatforms) = postSolution
		{3019DED3-6575-40FE-8A99-65F9E10C9EA2}.Debug|Any CPU.ActiveCfg = Debug|Any CPU
		{3019DED3-6575-40FE-8A99-65F9E10C9EA2}.Debug|Any CPU.Build.0 = Debug|Any CPU
		{3019DED3-6575-40FE-8A99-65F9E10C9EA2}.Release|Any CPU.ActiveCfg = Release|Any CPU
		{3019DED3-6575-40FE-8A99-65F9E10C9EA2}.Release|Any CPU.Build.0 = Release|Any CPU
		{BD479C01-3855-499F-BAB6-25E5A779AADF}.Debug|Any CPU.ActiveCfg = Debug|Any CPU
		{BD479C01-3855-499F-BAB6-25E5A779AADF}.Debug|Any CPU.Build.0 = Debug|Any CPU
		{BD479C01-3855-499F-BAB6-25E5A779AADF}.Release|Any CPU.ActiveCfg = Release|Any CPU
		{BD479C01-3855-499F-BAB6-25E5A779AADF}.Release|Any CPU.Build.0 = Release|Any CPU
		{AFBA9394-830B-4B66-BEAF-D11E8B3AAEDD}.Debug|Any CPU.ActiveCfg = Debug|Any CPU
		{AFBA9394-830B-4B66-BEAF-D11E8B3AAEDD}.Debug|Any CPU.Build.0 = Debug|Any CPU
		{AFBA9394-830B-4B66-BEAF-D11E8B3AAEDD}.Release|Any CPU.ActiveCfg = Release|Any CPU
		{AFBA9394-830B-4B66-BEAF-D11E8B3AAEDD}.Release|Any CPU.Build.0 = Release|Any CPU
		{12DDC3D3-F784-4023-B0D9-E5E5303D5AF1}.Debug|Any CPU.ActiveCfg = Debug|Any CPU
		{12DDC3D3-F784-4023-B0D9-E5E5303D5AF1}.Debug|Any CPU.Build.0 = Debug|Any CPU
		{12DDC3D3-F784-4023-B0D9-E5E5303D5AF1}.Release|Any CPU.ActiveCfg = Release|Any CPU
		{12DDC3D3-F784-4023-B0D9-E5E5303D5AF1}.Release|Any CPU.Build.0 = Release|Any CPU
		{9D0FB04C-1160-4B6D-92D4-5EDC4E781239}.Debug|Any CPU.ActiveCfg = Debug|Any CPU
		{9D0FB04C-1160-4B6D-92D4-5EDC4E781239}.Debug|Any CPU.Build.0 = Debug|Any CPU
		{9D0FB04C-1160-4B6D-92D4-5EDC4E781239}.Release|Any CPU.ActiveCfg = Release|Any CPU
		{9D0FB04C-1160-4B6D-92D4-5EDC4E781239}.Release|Any CPU.Build.0 = Release|Any CPU
		{1E96B6A7-FCEC-43B9-A9DB-E9949715E08A}.Debug|Any CPU.ActiveCfg = Debug|Any CPU
		{1E96B6A7-FCEC-43B9-A9DB-E9949715E08A}.Debug|Any CPU.Build.0 = Debug|Any CPU
		{1E96B6A7-FCEC-43B9-A9DB-E9949715E08A}.Release|Any CPU.ActiveCfg = Release|Any CPU
		{1E96B6A7-FCEC-43B9-A9DB-E9949715E08A}.Release|Any CPU.Build.0 = Release|Any CPU
		{362DC73C-3264-4D36-BB3D-025797A1DEB5}.Debug|Any CPU.ActiveCfg = Debug|Any CPU
		{362DC73C-3264-4D36-BB3D-025797A1DEB5}.Debug|Any CPU.Build.0 = Debug|Any CPU
		{362DC73C-3264-4D36-BB3D-025797A1DEB5}.Release|Any CPU.ActiveCfg = Release|Any CPU
		{362DC73C-3264-4D36-BB3D-025797A1DEB5}.Release|Any CPU.Build.0 = Release|Any CPU
		{E21CD35C-AFA5-41E2-BAC3-65D56AE88B32}.Debug|Any CPU.ActiveCfg = Debug|Any CPU
		{E21CD35C-AFA5-41E2-BAC3-65D56AE88B32}.Debug|Any CPU.Build.0 = Debug|Any CPU
		{E21CD35C-AFA5-41E2-BAC3-65D56AE88B32}.Release|Any CPU.ActiveCfg = Release|Any CPU
		{E21CD35C-AFA5-41E2-BAC3-65D56AE88B32}.Release|Any CPU.Build.0 = Release|Any CPU
		{E3F674BB-8278-4F2A-8CBE-78F7793E1711}.Debug|Any CPU.ActiveCfg = Debug|Any CPU
		{E3F674BB-8278-4F2A-8CBE-78F7793E1711}.Debug|Any CPU.Build.0 = Debug|Any CPU
		{E3F674BB-8278-4F2A-8CBE-78F7793E1711}.Release|Any CPU.ActiveCfg = Release|Any CPU
		{E3F674BB-8278-4F2A-8CBE-78F7793E1711}.Release|Any CPU.Build.0 = Release|Any CPU
	EndGlobalSection
	GlobalSection(SolutionProperties) = preSolution
		HideSolutionNode = FALSE
	EndGlobalSection
	GlobalSection(NestedProjects) = preSolution
		{BD479C01-3855-499F-BAB6-25E5A779AADF} = {7C3291E5-1F17-4392-AD17-124C3CDBA4D0}
		{AFBA9394-830B-4B66-BEAF-D11E8B3AAEDD} = {7C3291E5-1F17-4392-AD17-124C3CDBA4D0}
		{12DDC3D3-F784-4023-B0D9-E5E5303D5AF1} = {993E902C-7CED-40EA-8F84-72568B7C1D0A}
		{9D0FB04C-1160-4B6D-92D4-5EDC4E781239} = {993E902C-7CED-40EA-8F84-72568B7C1D0A}
		{1E96B6A7-FCEC-43B9-A9DB-E9949715E08A} = {993E902C-7CED-40EA-8F84-72568B7C1D0A}
		{362DC73C-3264-4D36-BB3D-025797A1DEB5} = {E1C0F353-82DE-43B8-8D4F-84D574C9513D}
		{E21CD35C-AFA5-41E2-BAC3-65D56AE88B32} = {E1C0F353-82DE-43B8-8D4F-84D574C9513D}
		{E3F674BB-8278-4F2A-8CBE-78F7793E1711} = {E1C0F353-82DE-43B8-8D4F-84D574C9513D}
	EndGlobalSection
	GlobalSection(ExtensibilityGlobals) = postSolution
		SolutionGuid = {A68197CC-CB68-4C08-956B-FD5D388F6B5A}
	EndGlobalSection
EndGlobal
